{
  "name": "@openinf/gh-file-importer",
  "version": "2.0.1",
  "lockfileVersion": 1,
  "requires": true,
  "dependencies": {
    "@babel/parser": {
      "version": "7.16.0",
      "resolved": "https://registry.npmjs.org/@babel/parser/-/parser-7.16.0.tgz",
      "integrity": "sha512-TEHWXf0xxpi9wKVyBCmRcSSDjbJ/cl6LUdlbYUHEaNQUJGhreJbZrXT6sR4+fZLxVUJqNRB4KyOvjuy/D9009A==",
      "dev": true
    },
    "@octokit/auth-token": {
      "version": "2.4.5",
      "resolved": "https://registry.npmjs.org/@octokit/auth-token/-/auth-token-2.4.5.tgz",
      "integrity": "sha512-BpGYsPgJt05M7/L/5FoE1PiAbdxXFZkX/3kDYcsvd1v6UhlnE5e96dTDr0ezX/EFwciQxf3cNV0loipsURU+WA==",
      "requires": {
        "@octokit/types": "^6.0.3"
      }
    },
    "@octokit/core": {
      "version": "3.2.5",
      "resolved": "https://registry.npmjs.org/@octokit/core/-/core-3.2.5.tgz",
      "integrity": "sha512-+DCtPykGnvXKWWQI0E1XD+CCeWSBhB6kwItXqfFmNBlIlhczuDPbg+P6BtLnVBaRJDAjv+1mrUJuRsFSjktopg==",
      "requires": {
        "@octokit/auth-token": "^2.4.4",
        "@octokit/graphql": "^4.5.8",
        "@octokit/request": "^5.4.12",
        "@octokit/types": "^6.0.3",
        "before-after-hook": "^2.1.0",
        "universal-user-agent": "^6.0.0"
      }
    },
    "@octokit/endpoint": {
      "version": "6.0.11",
      "resolved": "https://registry.npmjs.org/@octokit/endpoint/-/endpoint-6.0.11.tgz",
      "integrity": "sha512-fUIPpx+pZyoLW4GCs3yMnlj2LfoXTWDUVPTC4V3MUEKZm48W+XYpeWSZCv+vYF1ZABUm2CqnDVf1sFtIYrj7KQ==",
      "requires": {
        "@octokit/types": "^6.0.3",
        "is-plain-object": "^5.0.0",
        "universal-user-agent": "^6.0.0"
      }
    },
    "@octokit/graphql": {
      "version": "4.5.9",
      "resolved": "https://registry.npmjs.org/@octokit/graphql/-/graphql-4.5.9.tgz",
      "integrity": "sha512-c+0yofIugUNqo+ktrLaBlWSbjSq/UF8ChAyxQzbD3X74k1vAuyLKdDJmPwVExUFSp6+U1FzWe+3OkeRsIqV0vg==",
      "requires": {
        "@octokit/request": "^5.3.0",
        "@octokit/types": "^6.0.3",
        "universal-user-agent": "^6.0.0"
      }
    },
    "@octokit/openapi-types": {
      "version": "3.3.0",
      "resolved": "https://registry.npmjs.org/@octokit/openapi-types/-/openapi-types-3.3.0.tgz",
      "integrity": "sha512-s3dd32gagPmKaSLNJ9aPNok7U+tl69YLESf6DgQz5Ml/iipPZtif3GLvWpNXoA6qspFm1LFUZX+C3SqWX/Y/TQ=="
    },
    "@octokit/plugin-paginate-rest": {
      "version": "2.9.0",
      "resolved": "https://registry.npmjs.org/@octokit/plugin-paginate-rest/-/plugin-paginate-rest-2.9.0.tgz",
      "integrity": "sha512-XxbOg45r2n/2QpU6hnGDxQNDRrJ7gjYpMXeDbUCigWTHECmjoyFLizkFO2jMEtidMkfiELn7AF8GBAJ/cbPTnA==",
      "requires": {
        "@octokit/types": "^6.6.0"
      }
    },
    "@octokit/plugin-request-log": {
      "version": "1.0.3",
      "resolved": "https://registry.npmjs.org/@octokit/plugin-request-log/-/plugin-request-log-1.0.3.tgz",
      "integrity": "sha512-4RFU4li238jMJAzLgAwkBAw+4Loile5haQMQr+uhFq27BmyJXcXSKvoQKqh0agsZEiUlW6iSv3FAgvmGkur7OQ=="
    },
    "@octokit/plugin-rest-endpoint-methods": {
      "version": "4.8.0",
      "resolved": "https://registry.npmjs.org/@octokit/plugin-rest-endpoint-methods/-/plugin-rest-endpoint-methods-4.8.0.tgz",
      "integrity": "sha512-2zRpXDveJH8HsXkeeMtRW21do8wuSxVn1xXFdvhILyxlLWqGQrdJUA1/dk5DM7iAAYvwT/P3bDOLs90yL4S2AA==",
      "requires": {
        "@octokit/types": "^6.5.0",
        "deprecation": "^2.3.1"
      }
    },
    "@octokit/request": {
      "version": "5.4.13",
      "resolved": "https://registry.npmjs.org/@octokit/request/-/request-5.4.13.tgz",
      "integrity": "sha512-WcNRH5XPPtg7i1g9Da5U9dvZ6YbTffw9BN2rVezYiE7couoSyaRsw0e+Tl8uk1fArHE7Dn14U7YqUDy59WaqEw==",
      "requires": {
        "@octokit/endpoint": "^6.0.1",
        "@octokit/request-error": "^2.0.0",
        "@octokit/types": "^6.0.3",
        "deprecation": "^2.0.0",
        "is-plain-object": "^5.0.0",
        "node-fetch": "^2.6.1",
        "once": "^1.4.0",
        "universal-user-agent": "^6.0.0"
      },
      "dependencies": {
        "node-fetch": {
          "version": "2.6.5",
          "resolved": "https://registry.npmjs.org/node-fetch/-/node-fetch-2.6.5.tgz",
          "integrity": "sha512-mmlIVHJEu5rnIxgEgez6b9GgWXbkZj5YZ7fx+2r94a2E+Uirsp6HsPTPlomfdHtpt/B0cdKviwkoaM6pyvUOpQ==",
          "requires": {
            "whatwg-url": "^5.0.0"
          }
        }
      }
    },
    "@octokit/request-error": {
      "version": "2.0.5",
      "resolved": "https://registry.npmjs.org/@octokit/request-error/-/request-error-2.0.5.tgz",
      "integrity": "sha512-T/2wcCFyM7SkXzNoyVNWjyVlUwBvW3igM3Btr/eKYiPmucXTtkxt2RBsf6gn3LTzaLSLTQtNmvg+dGsOxQrjZg==",
      "requires": {
        "@octokit/types": "^6.0.3",
        "deprecation": "^2.0.0",
        "once": "^1.4.0"
      }
    },
    "@octokit/rest": {
      "version": "18.0.15",
      "resolved": "https://registry.npmjs.org/@octokit/rest/-/rest-18.0.15.tgz",
      "integrity": "sha512-MBlZl0KeuvFMJ3210hG5xhh/jtYmMDLd5WmO49Wg4Rfg0odeivntWAyq3KofJDP2G8jskCaaOaZBKo0TeO9tFA==",
      "requires": {
        "@octokit/core": "^3.2.3",
        "@octokit/plugin-paginate-rest": "^2.6.2",
        "@octokit/plugin-request-log": "^1.0.2",
        "@octokit/plugin-rest-endpoint-methods": "4.8.0"
      }
    },
    "@octokit/types": {
      "version": "6.6.0",
      "resolved": "https://registry.npmjs.org/@octokit/types/-/types-6.6.0.tgz",
      "integrity": "sha512-nmFoU3HCbw1AmnZU/eto2VvzV06+N7oAqXwMmAHGlNDF+KFykksh/VlAl85xc1P5T7Mw8fKYvXNaImNHCCH/rg==",
      "requires": {
        "@octokit/openapi-types": "^3.3.0",
        "@types/node": ">= 8"
      }
    },
    "@openinf/util-errors": {
      "version": "2.0.6",
      "resolved": "https://registry.npmjs.org/@openinf/util-errors/-/util-errors-2.0.6.tgz",
      "integrity": "sha512-BW/+bVps3Vj+InsZ27jJvgmMRIEKy9ecHBd8V1FiwzLgSdv1vDc4GhyfBf813YzW1yOB3+zx5g3KZ6oSjDlbTA==",
      "requires": {
        "@openinf/util-text": "^1.0.0",
        "@openinf/util-types": "^1.2.0"
      }
    },
    "@openinf/util-object": {
      "version": "2.0.1",
      "resolved": "https://registry.npmjs.org/@openinf/util-object/-/util-object-2.0.1.tgz",
      "integrity": "sha512-z3vY3ADum4Rs28ffi4coZ/9UD23EsoB/sASuzFcWExnmXMcUvIsNlW9oRHXR5gtND4CU1kZoFE8Matjn81J7TQ==",
      "dev": true,
      "requires": {
        "@openinf/util-types": "^2.0.2"
      },
      "dependencies": {
        "@openinf/util-types": {
          "version": "2.1.3",
          "resolved": "https://registry.npmjs.org/@openinf/util-types/-/util-types-2.1.3.tgz",
          "integrity": "sha512-QZAk4mwTGLmWDNA25wUTR0VUcv13CsNXDC9oyzX2yeKmMshku2V5AT3M+efQ9OEhJEuavaMo5Rha6peWYfYeYA==",
          "dev": true
        }
      }
    },
    "@openinf/util-text": {
      "version": "1.0.1",
      "resolved": "https://registry.npmjs.org/@openinf/util-text/-/util-text-1.0.1.tgz",
      "integrity": "sha512-ocl+IsBeb4klQiapo3o2WQWdOv7BKg2xew9d9HYHaKGsWARe1hKPrRiCSdmMPwynSXjPxN92JlbiRocRrnruug==",
      "requires": {
        "cli-color": "^2.0.0",
        "has-unicode": "^2.0.1",
        "supports-ansi": "^1.0.6"
      }
    },
    "@openinf/util-types": {
      "version": "1.2.0",
      "resolved": "https://registry.npmjs.org/@openinf/util-types/-/util-types-1.2.0.tgz",
      "integrity": "sha512-hgA0Gvv5xNRCjgjY0bWnSTFhL8DIb6tKSkgBBjesd9GG3qjYHDqWMkWZNcO+yMnyKJG0eMyN6DgjUeaIS5ZG/g=="
    },
    "@types/console-log-level": {
      "version": "1.4.2",
      "resolved": "https://registry.npmjs.org/@types/console-log-level/-/console-log-level-1.4.2.tgz",
      "integrity": "sha512-TnhDAntcJthcCMrR3OAKAUjgHyQgoms1yaBJepGv+BtXi8PLf8aX2L/NMCfofRTpVqW0bLklpGTsuqmUSCR2Uw==",
      "dev": true
    },
    "@types/node": {
      "version": "16.11.17",
      "resolved": "https://registry.npmjs.org/@types/node/-/node-16.11.17.tgz",
      "integrity": "sha512-C1vTZME8cFo8uxY2ui41xcynEotVkczIVI5AjLmy5pkpBv/FtG+jhtOlfcPysI8VRVwoOMv6NJm44LGnoMSWkw=="
    },
    "@types/node-fetch": {
      "version": "3.0.2",
      "resolved": "https://registry.npmjs.org/@types/node-fetch/-/node-fetch-3.0.2.tgz",
      "integrity": "sha512-3q5FyT6iuekUxXeL2qjcyIhtMJdfMF7RGhYXWKkYpdcW9k36A/+txXrjG0l+NMVkiC30jKNrcOqVlqBl7BcCHA==",
      "dev": true,
      "requires": {
        "node-fetch": "*"
      }
    },
    "ansi-escape-sequences": {
      "version": "4.1.0",
      "resolved": "https://registry.npmjs.org/ansi-escape-sequences/-/ansi-escape-sequences-4.1.0.tgz",
      "integrity": "sha512-dzW9kHxH011uBsidTXd14JXgzye/YLb2LzeKZ4bsgl/Knwx8AtbSFkkGxagdNOoh0DlqHCmfiEjWKBaqjOanVw==",
      "dev": true,
      "requires": {
        "array-back": "^3.0.1"
      },
      "dependencies": {
        "array-back": {
          "version": "3.1.0",
          "resolved": "https://registry.npmjs.org/array-back/-/array-back-3.1.0.tgz",
          "integrity": "sha512-TkuxA4UCOvxuDK6NZYXCalszEzj+TLszyASooky+i742l9TqsOdYCMJJupxRic61hwquNtppB3hgcuq9SVSH1Q==",
          "dev": true
        }
      }
    },
    "ansi-regex": {
      "version": "2.1.1",
      "resolved": "https://registry.npmjs.org/ansi-regex/-/ansi-regex-2.1.1.tgz",
      "integrity": "sha1-w7M6te42DYbg5ijwRorn7yfWVN8="
    },
    "argparse": {
      "version": "1.0.10",
      "resolved": "https://registry.npmjs.org/argparse/-/argparse-1.0.10.tgz",
      "integrity": "sha512-o5Roy6tNG4SL/FOkCAN6RzjiakZS25RLYFrcMttJqbdd8BWrnA+fGz57iN5Pb06pvBGvl5gQ0B48dJlslXvoTg==",
      "dev": true,
      "requires": {
        "sprintf-js": "~1.0.2"
      }
    },
    "array-back": {
      "version": "6.2.0",
      "resolved": "https://registry.npmjs.org/array-back/-/array-back-6.2.0.tgz",
      "integrity": "sha512-mixVv03GOOn/ubHE4STQ+uevX42ETdk0JoMVEjNkSOCT7WgERh7C8/+NyhWYNpE3BN69pxFyJIBcF7CxWz/+4A==",
      "dev": true
    },
    "balanced-match": {
      "version": "1.0.2",
      "resolved": "https://registry.npmjs.org/balanced-match/-/balanced-match-1.0.2.tgz",
      "integrity": "sha512-3oSeUO0TMV67hN1AmbXsK4yaqU7tjiHlbxRDZOpH0KW9+CeX4bRAaX0Anxt0tx2MrpRpWwQaPwIlISEJhYU5Pw==",
      "dev": true
    },
    "before-after-hook": {
      "version": "2.1.0",
      "resolved": "https://registry.npmjs.org/before-after-hook/-/before-after-hook-2.1.0.tgz",
      "integrity": "sha512-IWIbu7pMqyw3EAJHzzHbWa85b6oud/yfKYg5rqB5hNE8CeMi3nX+2C2sj0HswfblST86hpVEOAb9x34NZd6P7A=="
    },
    "bluebird": {
      "version": "3.7.2",
      "resolved": "https://registry.npmjs.org/bluebird/-/bluebird-3.7.2.tgz",
      "integrity": "sha512-XpNj6GDQzdfW+r2Wnn7xiSAd7TM3jzkxGXBGTtWKuSXv1xUV+azxAm8jdWZN06QTQk+2N2XB9jRDkvbmQmcRtg==",
      "dev": true
    },
    "brace-expansion": {
      "version": "1.1.11",
      "resolved": "https://registry.npmjs.org/brace-expansion/-/brace-expansion-1.1.11.tgz",
      "integrity": "sha512-iCuPHDFgrHX7H2vEI/5xpz07zSHB00TpugqhmYtVmMO6518mCuRMoOYFldEBl0g187ufozdaHgWKcYFb61qGiA==",
      "dev": true,
      "requires": {
        "balanced-match": "^1.0.0",
        "concat-map": "0.0.1"
      }
    },
    "cache-point": {
      "version": "2.0.0",
      "resolved": "https://registry.npmjs.org/cache-point/-/cache-point-2.0.0.tgz",
      "integrity": "sha512-4gkeHlFpSKgm3vm2gJN5sPqfmijYRFYCQ6tv5cLw0xVmT6r1z1vd4FNnpuOREco3cBs1G709sZ72LdgddKvL5w==",
      "dev": true,
      "requires": {
        "array-back": "^4.0.1",
        "fs-then-native": "^2.0.0",
        "mkdirp2": "^1.0.4"
      },
      "dependencies": {
        "array-back": {
          "version": "4.0.2",
          "resolved": "https://registry.npmjs.org/array-back/-/array-back-4.0.2.tgz",
          "integrity": "sha512-NbdMezxqf94cnNfWLL7V/im0Ub+Anbb0IoZhvzie8+4HJ4nMQuzHuy49FkGYCJK2yAloZ3meiB6AVMClbrI1vg==",
          "dev": true
        }
      }
    },
    "catharsis": {
      "version": "0.9.0",
      "resolved": "https://registry.npmjs.org/catharsis/-/catharsis-0.9.0.tgz",
      "integrity": "sha512-prMTQVpcns/tzFgFVkVp6ak6RykZyWb3gu8ckUpd6YkTlacOd3DXGJjIpD4Q6zJirizvaiAjSSHlOsA+6sNh2A==",
      "dev": true,
      "requires": {
        "lodash": "^4.17.15"
      }
    },
    "cli-color": {
      "version": "2.0.0",
      "resolved": "https://registry.npmjs.org/cli-color/-/cli-color-2.0.0.tgz",
      "integrity": "sha512-a0VZ8LeraW0jTuCkuAGMNufareGHhyZU9z8OGsW0gXd1hZGi1SRuNRXdbGkraBBKnhyUhyebFWnRbp+dIn0f0A==",
      "requires": {
        "ansi-regex": "^2.1.1",
        "d": "^1.0.1",
        "es5-ext": "^0.10.51",
        "es6-iterator": "^2.0.3",
        "memoizee": "^0.4.14",
        "timers-ext": "^0.1.7"
      }
    },
    "collect-all": {
      "version": "1.0.4",
      "resolved": "https://registry.npmjs.org/collect-all/-/collect-all-1.0.4.tgz",
      "integrity": "sha512-RKZhRwJtJEP5FWul+gkSMEnaK6H3AGPTTWOiRimCcs+rc/OmQE3Yhy1Q7A7KsdkG3ZXVdZq68Y6ONSdvkeEcKA==",
      "dev": true,
      "requires": {
        "stream-connect": "^1.0.2",
        "stream-via": "^1.0.4"
      }
    },
    "command-line-args": {
      "version": "5.2.0",
      "resolved": "https://registry.npmjs.org/command-line-args/-/command-line-args-5.2.0.tgz",
      "integrity": "sha512-4zqtU1hYsSJzcJBOcNZIbW5Fbk9BkjCp1pZVhQKoRaWL5J7N4XphDLwo8aWwdQpTugxwu+jf9u2ZhkXiqp5Z6A==",
      "dev": true,
      "requires": {
        "array-back": "^3.1.0",
        "find-replace": "^3.0.0",
        "lodash.camelcase": "^4.3.0",
        "typical": "^4.0.0"
      },
      "dependencies": {
        "array-back": {
          "version": "3.1.0",
          "resolved": "https://registry.npmjs.org/array-back/-/array-back-3.1.0.tgz",
          "integrity": "sha512-TkuxA4UCOvxuDK6NZYXCalszEzj+TLszyASooky+i742l9TqsOdYCMJJupxRic61hwquNtppB3hgcuq9SVSH1Q==",
          "dev": true
        },
        "typical": {
          "version": "4.0.0",
          "resolved": "https://registry.npmjs.org/typical/-/typical-4.0.0.tgz",
          "integrity": "sha512-VAH4IvQ7BDFYglMd7BPRDfLgxZZX4O4TFcRDA6EN5X7erNJJq+McIEp8np9aVtxrCJ6qx4GTYVfOWNjcqwZgRw==",
          "dev": true
        }
      }
    },
    "command-line-tool": {
      "version": "0.8.0",
      "resolved": "https://registry.npmjs.org/command-line-tool/-/command-line-tool-0.8.0.tgz",
      "integrity": "sha512-Xw18HVx/QzQV3Sc5k1vy3kgtOeGmsKIqwtFFoyjI4bbcpSgnw2CWVULvtakyw4s6fhyAdI6soQQhXc2OzJy62g==",
      "dev": true,
      "requires": {
        "ansi-escape-sequences": "^4.0.0",
        "array-back": "^2.0.0",
        "command-line-args": "^5.0.0",
        "command-line-usage": "^4.1.0",
        "typical": "^2.6.1"
      },
      "dependencies": {
        "array-back": {
          "version": "2.0.0",
          "resolved": "https://registry.npmjs.org/array-back/-/array-back-2.0.0.tgz",
          "integrity": "sha512-eJv4pLLufP3g5kcZry0j6WXpIbzYw9GUB4mVJZno9wfwiBxbizTnHCw3VJb07cBihbFX48Y7oSrW9y+gt4glyw==",
          "dev": true,
          "requires": {
            "typical": "^2.6.1"
          }
        }
      }
    },
    "command-line-usage": {
      "version": "4.1.0",
      "resolved": "https://registry.npmjs.org/command-line-usage/-/command-line-usage-4.1.0.tgz",
      "integrity": "sha512-MxS8Ad995KpdAC0Jopo/ovGIroV/m0KHwzKfXxKag6FHOkGsH8/lv5yjgablcRxCJJC0oJeUMuO/gmaq+Wq46g==",
      "dev": true,
      "requires": {
        "ansi-escape-sequences": "^4.0.0",
        "array-back": "^2.0.0",
        "table-layout": "^0.4.2",
        "typical": "^2.6.1"
      },
      "dependencies": {
        "array-back": {
          "version": "2.0.0",
          "resolved": "https://registry.npmjs.org/array-back/-/array-back-2.0.0.tgz",
          "integrity": "sha512-eJv4pLLufP3g5kcZry0j6WXpIbzYw9GUB4mVJZno9wfwiBxbizTnHCw3VJb07cBihbFX48Y7oSrW9y+gt4glyw==",
          "dev": true,
          "requires": {
            "typical": "^2.6.1"
          }
        }
      }
    },
    "common-sequence": {
      "version": "2.0.2",
      "resolved": "https://registry.npmjs.org/common-sequence/-/common-sequence-2.0.2.tgz",
      "integrity": "sha512-jAg09gkdkrDO9EWTdXfv80WWH3yeZl5oT69fGfedBNS9pXUKYInVJ1bJ+/ht2+Moeei48TmSbQDYMc8EOx9G0g==",
      "dev": true
    },
    "concat-map": {
      "version": "0.0.1",
      "resolved": "https://registry.npmjs.org/concat-map/-/concat-map-0.0.1.tgz",
      "integrity": "sha1-2Klr13/Wjfd5OnMDajug1UBdR3s=",
      "dev": true
    },
    "config-master": {
      "version": "3.1.0",
      "resolved": "https://registry.npmjs.org/config-master/-/config-master-3.1.0.tgz",
      "integrity": "sha1-ZnZjWQUFooO/JqSE1oSJ10xUhdo=",
      "dev": true,
      "requires": {
        "walk-back": "^2.0.1"
      },
      "dependencies": {
        "walk-back": {
          "version": "2.0.1",
          "resolved": "https://registry.npmjs.org/walk-back/-/walk-back-2.0.1.tgz",
          "integrity": "sha1-VU4qnYdPrEeoywBr9EwvDEmYoKQ=",
          "dev": true
        }
      }
    },
    "console-log-level": {
      "version": "1.4.1",
      "resolved": "https://registry.npmjs.org/console-log-level/-/console-log-level-1.4.1.tgz",
      "integrity": "sha512-VZzbIORbP+PPcN/gg3DXClTLPLg5Slwd5fL2MIc+o1qZ4BXBvWyc6QxPk6T/Mkr6IVjRpoAGf32XxP3ZWMVRcQ=="
    },
    "d": {
      "version": "1.0.1",
      "resolved": "https://registry.npmjs.org/d/-/d-1.0.1.tgz",
      "integrity": "sha512-m62ShEObQ39CfralilEQRjH6oAMtNCV1xJyEx5LpRYUVN+EviphDgUc/F3hnYbADmkiNs67Y+3ylmlG7Lnu+FA==",
      "requires": {
        "es5-ext": "^0.10.50",
        "type": "^1.0.1"
      }
    },
    "data-uri-to-buffer": {
      "version": "3.0.1",
      "resolved": "https://registry.npmjs.org/data-uri-to-buffer/-/data-uri-to-buffer-3.0.1.tgz",
      "integrity": "sha512-WboRycPNsVw3B3TL559F7kuBUM4d8CgMEvk6xEJlOp7OBPjt6G7z8WMWlD2rOFZLk6OYfFIUGsCOWzcQH9K2og=="
    },
    "deep-extend": {
      "version": "0.6.0",
      "resolved": "https://registry.npmjs.org/deep-extend/-/deep-extend-0.6.0.tgz",
      "integrity": "sha512-LOHxIOaPYdHlJRtCQfDIVZtfw/ufM8+rVj649RIHzcm/vGwQRXFt6OPqIFWsm2XEMrNIEtWR64sY1LEKD2vAOA==",
      "dev": true
    },
    "deprecation": {
      "version": "2.3.1",
      "resolved": "https://registry.npmjs.org/deprecation/-/deprecation-2.3.1.tgz",
      "integrity": "sha512-xmHIy4F3scKVwMsQ4WnVaS8bHOx0DmVwRywosKhaILI0ywMDWPtBSku2HNxRvF7jtwDRsoEwYQSfbxj8b7RlJQ=="
    },
    "dmd": {
      "version": "6.0.0",
      "resolved": "https://registry.npmjs.org/dmd/-/dmd-6.0.0.tgz",
      "integrity": "sha512-PwWZlqZnJPETwqZZ70haRa+UDZcD5jeBD3ywW1Kf+jYYv0MHu/S7Ri9jsSoeTMwkcMVW9hXOMA1IZUMEufBhOg==",
      "dev": true,
      "requires": {
        "array-back": "^5.0.0",
        "cache-point": "^2.0.0",
        "common-sequence": "^2.0.0",
        "file-set": "^4.0.1",
        "handlebars": "^4.7.7",
        "marked": "^2.0.0",
        "object-get": "^2.1.1",
        "reduce-flatten": "^3.0.0",
        "reduce-unique": "^2.0.1",
        "reduce-without": "^1.0.1",
        "test-value": "^3.0.0",
        "walk-back": "^5.0.0"
      },
      "dependencies": {
        "array-back": {
          "version": "5.0.0",
          "resolved": "https://registry.npmjs.org/array-back/-/array-back-5.0.0.tgz",
          "integrity": "sha512-kgVWwJReZWmVuWOQKEOohXKJX+nD02JAZ54D1RRWlv8L0NebauKAaFxACKzB74RTclt1+WNz5KHaLRDAPZbDEw==",
          "dev": true
        },
        "reduce-flatten": {
          "version": "3.0.1",
          "resolved": "https://registry.npmjs.org/reduce-flatten/-/reduce-flatten-3.0.1.tgz",
          "integrity": "sha512-bYo+97BmUUOzg09XwfkwALt4PQH1M5L0wzKerBt6WLm3Fhdd43mMS89HiT1B9pJIqko/6lWx3OnV4J9f2Kqp5Q==",
          "dev": true
        }
      }
    },
    "entities": {
      "version": "2.0.3",
      "resolved": "https://registry.npmjs.org/entities/-/entities-2.0.3.tgz",
      "integrity": "sha512-MyoZ0jgnLvB2X3Lg5HqpFmn1kybDiIfEQmKzTb5apr51Rb+T3KdmMiqa70T+bhGnyv7bQ6WMj2QMHpGMmlrUYQ==",
      "dev": true
    },
    "es5-ext": {
      "version": "0.10.53",
      "resolved": "https://registry.npmjs.org/es5-ext/-/es5-ext-0.10.53.tgz",
      "integrity": "sha512-Xs2Stw6NiNHWypzRTY1MtaG/uJlwCk8kH81920ma8mvN8Xq1gsfhZvpkImLQArw8AHnv8MT2I45J3c0R8slE+Q==",
      "requires": {
        "es6-iterator": "~2.0.3",
        "es6-symbol": "~3.1.3",
        "next-tick": "~1.0.0"
      }
    },
    "es6-iterator": {
      "version": "2.0.3",
      "resolved": "https://registry.npmjs.org/es6-iterator/-/es6-iterator-2.0.3.tgz",
      "integrity": "sha1-p96IkUGgWpSwhUQDstCg+/qY87c=",
      "requires": {
        "d": "1",
        "es5-ext": "^0.10.35",
        "es6-symbol": "^3.1.1"
      }
    },
    "es6-symbol": {
      "version": "3.1.3",
      "resolved": "https://registry.npmjs.org/es6-symbol/-/es6-symbol-3.1.3.tgz",
      "integrity": "sha512-NJ6Yn3FuDinBaBRWl/q5X/s4koRHBrgKAu+yGI6JCBeiu3qrcbJhwT2GeR/EXVfylRk8dpQVJoLEFhK+Mu31NA==",
      "requires": {
        "d": "^1.0.1",
        "ext": "^1.1.2"
      }
    },
    "es6-weak-map": {
      "version": "2.0.3",
      "resolved": "https://registry.npmjs.org/es6-weak-map/-/es6-weak-map-2.0.3.tgz",
      "integrity": "sha512-p5um32HOTO1kP+w7PRnB+5lQ43Z6muuMuIMffvDN8ZB4GcnjLBV6zGStpbASIMk4DCAvEaamhe2zhyCb/QXXsA==",
      "requires": {
        "d": "1",
        "es5-ext": "^0.10.46",
        "es6-iterator": "^2.0.3",
        "es6-symbol": "^3.1.1"
      }
    },
    "escape-string-regexp": {
      "version": "2.0.0",
      "resolved": "https://registry.npmjs.org/escape-string-regexp/-/escape-string-regexp-2.0.0.tgz",
      "integrity": "sha512-UpzcLCXolUWcNu5HtVMHYdXJjArjsF9C0aNnquZYY4uW/Vu0miy5YoWvbV345HauVvcAUnpRuhMMcqTcGOY2+w==",
      "dev": true
    },
    "event-emitter": {
      "version": "0.3.5",
      "resolved": "https://registry.npmjs.org/event-emitter/-/event-emitter-0.3.5.tgz",
      "integrity": "sha1-34xp7vFkeSPHFXuc6DhAYQsCzDk=",
      "requires": {
        "d": "1",
        "es5-ext": "~0.10.14"
      }
    },
    "ext": {
      "version": "1.4.0",
      "resolved": "https://registry.npmjs.org/ext/-/ext-1.4.0.tgz",
      "integrity": "sha512-Key5NIsUxdqKg3vIsdw9dSuXpPCQ297y6wBjL30edxwPgt2E44WcWBZey/ZvUc6sERLTxKdyCu4gZFmUbk1Q7A==",
      "requires": {
        "type": "^2.0.0"
      },
      "dependencies": {
        "type": {
          "version": "2.1.0",
          "resolved": "https://registry.npmjs.org/type/-/type-2.1.0.tgz",
          "integrity": "sha512-G9absDWvhAWCV2gmF1zKud3OyC61nZDwWvBL2DApaVFogI07CprggiQAOOjvp2NRjYWFzPyu7vwtDrQFq8jeSA=="
        }
      }
    },
    "fetch-blob": {
      "version": "3.1.3",
      "resolved": "https://registry.npmjs.org/fetch-blob/-/fetch-blob-3.1.3.tgz",
      "integrity": "sha512-ax1Y5I9w+9+JiM+wdHkhBoxew+zG4AJ2SvAD1v1szpddUIiPERVGBxrMcB2ZqW0Y3PP8bOWYv2zqQq1Jp2kqUQ==",
      "requires": {
        "web-streams-polyfill": "^3.0.3"
      }
    },
    "file-set": {
      "version": "4.0.2",
      "resolved": "https://registry.npmjs.org/file-set/-/file-set-4.0.2.tgz",
      "integrity": "sha512-fuxEgzk4L8waGXaAkd8cMr73Pm0FxOVkn8hztzUW7BAHhOGH90viQNXbiOsnecCWmfInqU6YmAMwxRMdKETceQ==",
      "dev": true,
      "requires": {
        "array-back": "^5.0.0",
        "glob": "^7.1.6"
      },
      "dependencies": {
        "array-back": {
          "version": "5.0.0",
          "resolved": "https://registry.npmjs.org/array-back/-/array-back-5.0.0.tgz",
          "integrity": "sha512-kgVWwJReZWmVuWOQKEOohXKJX+nD02JAZ54D1RRWlv8L0NebauKAaFxACKzB74RTclt1+WNz5KHaLRDAPZbDEw==",
          "dev": true
        }
      }
    },
    "find-replace": {
      "version": "3.0.0",
      "resolved": "https://registry.npmjs.org/find-replace/-/find-replace-3.0.0.tgz",
      "integrity": "sha512-6Tb2myMioCAgv5kfvP5/PkZZ/ntTpVK39fHY7WkWBgvbeE+VHd/tZuZ4mrC+bxh4cfOZeYKVPaJIZtZXV7GNCQ==",
      "dev": true,
      "requires": {
        "array-back": "^3.0.1"
      },
      "dependencies": {
        "array-back": {
          "version": "3.1.0",
          "resolved": "https://registry.npmjs.org/array-back/-/array-back-3.1.0.tgz",
          "integrity": "sha512-TkuxA4UCOvxuDK6NZYXCalszEzj+TLszyASooky+i742l9TqsOdYCMJJupxRic61hwquNtppB3hgcuq9SVSH1Q==",
          "dev": true
        }
      }
    },
    "fs-then-native": {
      "version": "2.0.0",
      "resolved": "https://registry.npmjs.org/fs-then-native/-/fs-then-native-2.0.0.tgz",
      "integrity": "sha1-GaEk2U2QwiyOBF8ujdbr6jbUjGc=",
      "dev": true
    },
    "fs.realpath": {
      "version": "1.0.0",
      "resolved": "https://registry.npmjs.org/fs.realpath/-/fs.realpath-1.0.0.tgz",
      "integrity": "sha1-FQStJSMVjKpA20onh8sBQRmU6k8=",
      "dev": true
    },
    "glob": {
      "version": "7.2.0",
      "resolved": "https://registry.npmjs.org/glob/-/glob-7.2.0.tgz",
      "integrity": "sha512-lmLf6gtyrPq8tTjSmrO94wBeQbFR3HbLHbuyD69wuyQkImp2hWqMGB47OX65FBkPffO641IP9jWa1z4ivqG26Q==",
      "dev": true,
      "requires": {
        "fs.realpath": "^1.0.0",
        "inflight": "^1.0.4",
        "inherits": "2",
        "minimatch": "^3.0.4",
        "once": "^1.3.0",
        "path-is-absolute": "^1.0.0"
      }
    },
    "graceful-fs": {
      "version": "4.2.8",
      "resolved": "https://registry.npmjs.org/graceful-fs/-/graceful-fs-4.2.8.tgz",
      "integrity": "sha512-qkIilPUYcNhJpd33n0GBXTB1MMPp14TxEsEs0pTrsSVucApsYzW5V+Q8Qxhik6KU3evy+qkAAowTByymK0avdg==",
      "dev": true
    },
    "handlebars": {
      "version": "4.7.7",
      "resolved": "https://registry.npmjs.org/handlebars/-/handlebars-4.7.7.tgz",
      "integrity": "sha512-aAcXm5OAfE/8IXkcZvCepKU3VzW1/39Fb5ZuqMtgI/hT8X2YgoMvBY5dLhq/cpOvw7Lk1nK/UF71aLG/ZnVYRA==",
      "dev": true,
      "requires": {
        "minimist": "^1.2.5",
        "neo-async": "^2.6.0",
        "source-map": "^0.6.1",
        "uglify-js": "^3.1.4",
        "wordwrap": "^1.0.0"
      }
    },
    "has-unicode": {
      "version": "2.0.1",
      "resolved": "https://registry.npmjs.org/has-unicode/-/has-unicode-2.0.1.tgz",
      "integrity": "sha1-4Ob+aijPUROIVeCG0Wkedx3iqLk="
    },
    "inflight": {
      "version": "1.0.6",
      "resolved": "https://registry.npmjs.org/inflight/-/inflight-1.0.6.tgz",
      "integrity": "sha1-Sb1jMdfQLQwJvJEKEHW6gWW1bfk=",
      "dev": true,
      "requires": {
        "once": "^1.3.0",
        "wrappy": "1"
      }
    },
    "inherits": {
      "version": "2.0.4",
      "resolved": "https://registry.npmjs.org/inherits/-/inherits-2.0.4.tgz",
      "integrity": "sha512-k/vGaX4/Yla3WzyMCvTQOXYeIHvqOKtnqBduzTHpzpQZzAskKMhZ2K+EnBiSM9zGSoIFeMpXKxa4dYeZIQqewQ==",
      "dev": true
    },
    "is-mingw": {
      "version": "2.0.0",
      "resolved": "https://registry.npmjs.org/is-mingw/-/is-mingw-2.0.0.tgz",
      "integrity": "sha512-9aI87IfnhMF59hLfg+ZZzuR72+Rybw4VPDz7dOCw2jJpS+nIqhhC0y1/O05Bc4JnxJBHMmlNluzbnzNKKcs54A=="
    },
    "is-plain-object": {
      "version": "5.0.0",
      "resolved": "https://registry.npmjs.org/is-plain-object/-/is-plain-object-5.0.0.tgz",
      "integrity": "sha512-VRSzKkbMm5jMDoKLbltAkFQ5Qr7VDiTFGXxYFXXowVj387GeGNOCsOH6Msy00SGZ3Fp84b1Naa1psqgcCIEP5Q=="
    },
    "is-promise": {
      "version": "2.2.2",
      "resolved": "https://registry.npmjs.org/is-promise/-/is-promise-2.2.2.tgz",
      "integrity": "sha512-+lP4/6lKUBfQjZ2pdxThZvLUAafmZb8OAxFb8XXtiQmS35INgr85hdOGoEs124ez1FCnZJt6jau/T+alh58QFQ=="
    },
    "js2xmlparser": {
      "version": "4.0.2",
      "resolved": "https://registry.npmjs.org/js2xmlparser/-/js2xmlparser-4.0.2.tgz",
      "integrity": "sha512-6n4D8gLlLf1n5mNLQPRfViYzu9RATblzPEtm1SthMX1Pjao0r9YI9nw7ZIfRxQMERS87mcswrg+r/OYrPRX6jA==",
      "dev": true,
      "requires": {
        "xmlcreate": "^2.0.4"
      }
    },
    "jsdoc": {
      "version": "3.6.7",
      "resolved": "https://registry.npmjs.org/jsdoc/-/jsdoc-3.6.7.tgz",
      "integrity": "sha512-sxKt7h0vzCd+3Y81Ey2qinupL6DpRSZJclS04ugHDNmRUXGzqicMJ6iwayhSA0S0DwwX30c5ozyUthr1QKF6uw==",
      "dev": true,
      "requires": {
        "@babel/parser": "^7.9.4",
        "bluebird": "^3.7.2",
        "catharsis": "^0.9.0",
        "escape-string-regexp": "^2.0.0",
        "js2xmlparser": "^4.0.1",
        "klaw": "^3.0.0",
        "markdown-it": "^10.0.0",
        "markdown-it-anchor": "^5.2.7",
        "marked": "^2.0.3",
        "mkdirp": "^1.0.4",
        "requizzle": "^0.2.3",
        "strip-json-comments": "^3.1.0",
        "taffydb": "2.6.2",
        "underscore": "~1.13.1"
      }
    },
    "jsdoc-api": {
      "version": "7.1.0",
      "resolved": "https://registry.npmjs.org/jsdoc-api/-/jsdoc-api-7.1.0.tgz",
      "integrity": "sha512-yjIiZa6LFOgd0dyFW/R+3unnVUhhbU1CeBhisgjBPRHkar83rkgDtTMRdgQotSvt+pGlmknZqfwR5AQuMh9/6w==",
      "dev": true,
      "requires": {
        "array-back": "^6.2.0",
        "cache-point": "^2.0.0",
        "collect-all": "^1.0.4",
        "file-set": "^4.0.2",
        "fs-then-native": "^2.0.0",
        "jsdoc": "^3.6.7",
        "object-to-spawn-args": "^2.0.1",
        "temp-path": "^1.0.0",
        "walk-back": "^5.1.0"
      }
    },
    "jsdoc-parse": {
      "version": "6.0.1",
      "resolved": "https://registry.npmjs.org/jsdoc-parse/-/jsdoc-parse-6.0.1.tgz",
      "integrity": "sha512-ij3Az5y2dp+ajMxYnEJH7kjKK5v6+yZ3Cg/KtRdoT15pIm6qTk/W8q72QdNLZ9jQm/U2/ifENFXXTOe6xIxGeA==",
      "dev": true,
      "requires": {
        "array-back": "^6.1.1",
        "lodash.omit": "^4.5.0",
        "lodash.pick": "^4.4.0",
        "reduce-extract": "^1.0.0",
        "sort-array": "^4.1.4",
        "test-value": "^3.0.0"
      }
    },
    "jsdoc-to-markdown": {
      "version": "7.1.0",
      "resolved": "https://registry.npmjs.org/jsdoc-to-markdown/-/jsdoc-to-markdown-7.1.0.tgz",
      "integrity": "sha512-LJAiwrUaOpPqOmllqnVVqfBZh6KI/rHHfSwL7DerTpjLQWHfpndz/JUNlF5ngYjbL4aHNf7uJ1TuXl6xGfq5rg==",
      "dev": true,
      "requires": {
        "array-back": "^6.2.0",
        "command-line-tool": "^0.8.0",
        "config-master": "^3.1.0",
        "dmd": "^6.0.0",
        "jsdoc-api": "^7.1.0",
        "jsdoc-parse": "^6.0.1",
        "walk-back": "^5.1.0"
      }
    },
    "klaw": {
      "version": "3.0.0",
      "resolved": "https://registry.npmjs.org/klaw/-/klaw-3.0.0.tgz",
      "integrity": "sha512-0Fo5oir+O9jnXu5EefYbVK+mHMBeEVEy2cmctR1O1NECcCkPRreJKrS6Qt/j3KC2C148Dfo9i3pCmCMsdqGr0g==",
      "dev": true,
      "requires": {
        "graceful-fs": "^4.1.9"
      }
    },
    "linkify-it": {
      "version": "2.2.0",
      "resolved": "https://registry.npmjs.org/linkify-it/-/linkify-it-2.2.0.tgz",
      "integrity": "sha512-GnAl/knGn+i1U/wjBz3akz2stz+HrHLsxMwHQGofCDfPvlf+gDKN58UtfmUquTY4/MXeE2x7k19KQmeoZi94Iw==",
      "dev": true,
      "requires": {
        "uc.micro": "^1.0.1"
      }
    },
    "lodash": {
      "version": "4.17.21",
      "resolved": "https://registry.npmjs.org/lodash/-/lodash-4.17.21.tgz",
      "integrity": "sha512-v2kDEe57lecTulaDIuNTPy3Ry4gLGJ6Z1O3vE1krgXZNrsQ+LFTGHVxVjcXPs17LhbZVGedAJv8XZ1tvj5FvSg==",
      "dev": true
    },
    "lodash.camelcase": {
      "version": "4.3.0",
      "resolved": "https://registry.npmjs.org/lodash.camelcase/-/lodash.camelcase-4.3.0.tgz",
      "integrity": "sha1-soqmKIorn8ZRA1x3EfZathkDMaY=",
      "dev": true
    },
    "lodash.omit": {
      "version": "4.5.0",
      "resolved": "https://registry.npmjs.org/lodash.omit/-/lodash.omit-4.5.0.tgz",
      "integrity": "sha1-brGa5aHuHdnfC5aeZs4Lf6MLXmA=",
      "dev": true
    },
    "lodash.padend": {
      "version": "4.6.1",
      "resolved": "https://registry.npmjs.org/lodash.padend/-/lodash.padend-4.6.1.tgz",
      "integrity": "sha1-U8y6BH0G4VjTEfRdpiX05J5vFm4=",
      "dev": true
    },
    "lodash.pick": {
      "version": "4.4.0",
      "resolved": "https://registry.npmjs.org/lodash.pick/-/lodash.pick-4.4.0.tgz",
      "integrity": "sha1-UvBWEP/53tQiYRRB7R/BI6AwAbM=",
      "dev": true
    },
    "lru-queue": {
      "version": "0.1.0",
      "resolved": "https://registry.npmjs.org/lru-queue/-/lru-queue-0.1.0.tgz",
      "integrity": "sha1-Jzi9nw089PhEkMVzbEhpmsYyzaM=",
      "requires": {
        "es5-ext": "~0.10.2"
      }
    },
    "markdown-it": {
      "version": "10.0.0",
      "resolved": "https://registry.npmjs.org/markdown-it/-/markdown-it-10.0.0.tgz",
      "integrity": "sha512-YWOP1j7UbDNz+TumYP1kpwnP0aEa711cJjrAQrzd0UXlbJfc5aAq0F/PZHjiioqDC1NKgvIMX+o+9Bk7yuM2dg==",
      "dev": true,
      "requires": {
        "argparse": "^1.0.7",
        "entities": "~2.0.0",
        "linkify-it": "^2.0.0",
        "mdurl": "^1.0.1",
        "uc.micro": "^1.0.5"
      }
    },
    "markdown-it-anchor": {
      "version": "5.3.0",
      "resolved": "https://registry.npmjs.org/markdown-it-anchor/-/markdown-it-anchor-5.3.0.tgz",
      "integrity": "sha512-/V1MnLL/rgJ3jkMWo84UR+K+jF1cxNG1a+KwqeXqTIJ+jtA8aWSHuigx8lTzauiIjBDbwF3NcWQMotd0Dm39jA==",
      "dev": true
    },
    "marked": {
      "version": "2.1.3",
      "resolved": "https://registry.npmjs.org/marked/-/marked-2.1.3.tgz",
      "integrity": "sha512-/Q+7MGzaETqifOMWYEA7HVMaZb4XbcRfaOzcSsHZEith83KGlvaSG33u0SKu89Mj5h+T8V2hM+8O45Qc5XTgwA==",
      "dev": true
    },
    "mdurl": {
      "version": "1.0.1",
      "resolved": "https://registry.npmjs.org/mdurl/-/mdurl-1.0.1.tgz",
      "integrity": "sha1-/oWy7HWlkDfyrf7BAP1sYBdhFS4=",
      "dev": true
    },
    "memoizee": {
      "version": "0.4.15",
      "resolved": "https://registry.npmjs.org/memoizee/-/memoizee-0.4.15.tgz",
      "integrity": "sha512-UBWmJpLZd5STPm7PMUlOw/TSy972M+z8gcyQ5veOnSDRREz/0bmpyTfKt3/51DhEBqCZQn1udM/5flcSPYhkdQ==",
      "requires": {
        "d": "^1.0.1",
        "es5-ext": "^0.10.53",
        "es6-weak-map": "^2.0.3",
        "event-emitter": "^0.3.5",
        "is-promise": "^2.2.2",
        "lru-queue": "^0.1.0",
        "next-tick": "^1.1.0",
        "timers-ext": "^0.1.7"
      },
      "dependencies": {
        "next-tick": {
          "version": "1.1.0",
          "resolved": "https://registry.npmjs.org/next-tick/-/next-tick-1.1.0.tgz",
          "integrity": "sha512-CXdUiJembsNjuToQvxayPZF9Vqht7hewsvy2sOWafLvi2awflj9mOC6bHIg50orX8IJvWKY9wYQ/zB2kogPslQ=="
        }
      }
    },
    "minimatch": {
      "version": "3.0.4",
      "resolved": "https://registry.npmjs.org/minimatch/-/minimatch-3.0.4.tgz",
      "integrity": "sha512-yJHVQEhyqPLUTgt9B83PXu6W3rx4MvvHvSUvToogpwoGDOUQ+yDrR0HRot+yOCdCO7u4hX3pWft6kWBBcqh0UA==",
      "dev": true,
      "requires": {
        "brace-expansion": "^1.1.7"
      }
    },
    "minimist": {
      "version": "1.2.5",
      "resolved": "https://registry.npmjs.org/minimist/-/minimist-1.2.5.tgz",
      "integrity": "sha512-FM9nNUYrRBAELZQT3xeZQ7fmMOBg6nWNmJKTcgsJeaLstP/UODVpGsr5OhXhhXg6f+qtJ8uiZ+PUxkDWcgIXLw==",
      "dev": true
    },
    "mkdirp": {
      "version": "1.0.4",
      "resolved": "https://registry.npmjs.org/mkdirp/-/mkdirp-1.0.4.tgz",
      "integrity": "sha512-vVqVZQyf3WLx2Shd0qJ9xuvqgAyKPLAiqITEtqW0oIUjzo3PePDd6fW9iFz30ef7Ysp/oiWqbhszeGWW2T6Gzw==",
      "dev": true
    },
    "mkdirp2": {
      "version": "1.0.5",
      "resolved": "https://registry.npmjs.org/mkdirp2/-/mkdirp2-1.0.5.tgz",
      "integrity": "sha512-xOE9xbICroUDmG1ye2h4bZ8WBie9EGmACaco8K8cx6RlkJJrxGIqjGqztAI+NMhexXBcdGbSEzI6N3EJPevxZw==",
      "dev": true
    },
    "neo-async": {
      "version": "2.6.2",
      "resolved": "https://registry.npmjs.org/neo-async/-/neo-async-2.6.2.tgz",
      "integrity": "sha512-Yd3UES5mWCSqR+qNT93S3UoYUkqAZ9lLg8a7g9rimsWmYGK8cVToA4/sF3RrshdyV3sAGMXVUmpMYOw+dLpOuw==",
      "dev": true
    },
    "next-tick": {
      "version": "1.0.0",
      "resolved": "https://registry.npmjs.org/next-tick/-/next-tick-1.0.0.tgz",
      "integrity": "sha1-yobR/ogoFpsBICCOPchCS524NCw="
    },
    "node-fetch": {
      "version": "3.0.0",
      "resolved": "https://registry.npmjs.org/node-fetch/-/node-fetch-3.0.0.tgz",
      "integrity": "sha512-bKMI+C7/T/SPU1lKnbQbwxptpCrG9ashG+VkytmXCPZyuM9jB6VU+hY0oi4lC8LxTtAeWdckNCTa3nrGsAdA3Q==",
      "requires": {
        "data-uri-to-buffer": "^3.0.1",
        "fetch-blob": "^3.1.2"
      }
    },
    "object-get": {
      "version": "2.1.1",
      "resolved": "https://registry.npmjs.org/object-get/-/object-get-2.1.1.tgz",
      "integrity": "sha512-7n4IpLMzGGcLEMiQKsNR7vCe+N5E9LORFrtNUVy4sO3dj9a3HedZCxEL2T7QuLhcHN1NBuBsMOKaOsAYI9IIvg==",
      "dev": true
    },
    "object-to-spawn-args": {
      "version": "2.0.1",
      "resolved": "https://registry.npmjs.org/object-to-spawn-args/-/object-to-spawn-args-2.0.1.tgz",
      "integrity": "sha512-6FuKFQ39cOID+BMZ3QaphcC8Y4cw6LXBLyIgPU+OhIYwviJamPAn+4mITapnSBQrejB+NNp+FMskhD8Cq+Ys3w==",
      "dev": true
    },
    "once": {
      "version": "1.4.0",
      "resolved": "https://registry.npmjs.org/once/-/once-1.4.0.tgz",
      "integrity": "sha1-WDsap3WWHUsROsF9nFC6753Xa9E=",
      "requires": {
        "wrappy": "1"
      }
    },
    "path-is-absolute": {
      "version": "1.0.1",
      "resolved": "https://registry.npmjs.org/path-is-absolute/-/path-is-absolute-1.0.1.tgz",
      "integrity": "sha1-F0uSaHNVNP+8es5r9TpanhtcX18=",
      "dev": true
    },
    "reduce-extract": {
      "version": "1.0.0",
      "resolved": "https://registry.npmjs.org/reduce-extract/-/reduce-extract-1.0.0.tgz",
      "integrity": "sha1-Z/I4W+2mUGG19fQxJmLosIDKFSU=",
      "dev": true,
      "requires": {
        "test-value": "^1.0.1"
      },
      "dependencies": {
        "array-back": {
          "version": "1.0.4",
          "resolved": "https://registry.npmjs.org/array-back/-/array-back-1.0.4.tgz",
          "integrity": "sha1-ZEun8JX3/898Q7Xw3DnTwfA8Bjs=",
          "dev": true,
          "requires": {
            "typical": "^2.6.0"
          }
        },
        "test-value": {
          "version": "1.1.0",
          "resolved": "https://registry.npmjs.org/test-value/-/test-value-1.1.0.tgz",
          "integrity": "sha1-oJE29y7AQ9J8iTcHwrFZv6196T8=",
          "dev": true,
          "requires": {
            "array-back": "^1.0.2",
            "typical": "^2.4.2"
          }
        }
      }
    },
    "reduce-flatten": {
      "version": "1.0.1",
      "resolved": "https://registry.npmjs.org/reduce-flatten/-/reduce-flatten-1.0.1.tgz",
      "integrity": "sha1-JYx479FT3fk8tWEjf2EYTzaW4yc=",
      "dev": true
    },
    "reduce-unique": {
      "version": "2.0.1",
      "resolved": "https://registry.npmjs.org/reduce-unique/-/reduce-unique-2.0.1.tgz",
      "integrity": "sha512-x4jH/8L1eyZGR785WY+ePtyMNhycl1N2XOLxhCbzZFaqF4AXjLzqSxa2UHgJ2ZVR/HHyPOvl1L7xRnW8ye5MdA==",
      "dev": true
    },
    "reduce-without": {
      "version": "1.0.1",
      "resolved": "https://registry.npmjs.org/reduce-without/-/reduce-without-1.0.1.tgz",
      "integrity": "sha1-aK0OrRGFXJo31OglbBW7+Hly/Iw=",
      "dev": true,
      "requires": {
        "test-value": "^2.0.0"
      },
      "dependencies": {
        "array-back": {
          "version": "1.0.4",
          "resolved": "https://registry.npmjs.org/array-back/-/array-back-1.0.4.tgz",
          "integrity": "sha1-ZEun8JX3/898Q7Xw3DnTwfA8Bjs=",
          "dev": true,
          "requires": {
            "typical": "^2.6.0"
          }
        },
        "test-value": {
          "version": "2.1.0",
          "resolved": "https://registry.npmjs.org/test-value/-/test-value-2.1.0.tgz",
          "integrity": "sha1-Edpv9nDzRxpztiXKTz/c97t0gpE=",
          "dev": true,
          "requires": {
            "array-back": "^1.0.3",
            "typical": "^2.6.0"
          }
        }
      }
    },
    "requizzle": {
      "version": "0.2.3",
      "resolved": "https://registry.npmjs.org/requizzle/-/requizzle-0.2.3.tgz",
      "integrity": "sha512-YanoyJjykPxGHii0fZP0uUPEXpvqfBDxWV7s6GKAiiOsiqhX6vHNyW3Qzdmqp/iq/ExbhaGbVrjB4ruEVSM4GQ==",
      "dev": true,
      "requires": {
        "lodash": "^4.17.14"
      }
    },
    "sort-array": {
      "version": "4.1.4",
      "resolved": "https://registry.npmjs.org/sort-array/-/sort-array-4.1.4.tgz",
      "integrity": "sha512-GVFN6Y1sHKrWaSYOJTk9093ZnrBMc9sP3nuhANU44S4xg3rE6W5Z5WyamuT8VpMBbssnetx5faKCua0LEmUnSw==",
      "dev": true,
      "requires": {
        "array-back": "^5.0.0",
        "typical": "^6.0.1"
      },
      "dependencies": {
        "array-back": {
          "version": "5.0.0",
          "resolved": "https://registry.npmjs.org/array-back/-/array-back-5.0.0.tgz",
          "integrity": "sha512-kgVWwJReZWmVuWOQKEOohXKJX+nD02JAZ54D1RRWlv8L0NebauKAaFxACKzB74RTclt1+WNz5KHaLRDAPZbDEw==",
          "dev": true
        },
        "typical": {
          "version": "6.0.1",
          "resolved": "https://registry.npmjs.org/typical/-/typical-6.0.1.tgz",
          "integrity": "sha512-+g3NEp7fJLe9DPa1TArHm9QAA7YciZmWnfAqEaFrBihQ7epOv9i99rjtgb6Iz0wh3WuQDjsCTDfgRoGnmHN81A==",
          "dev": true
        }
      }
    },
    "source-map": {
      "version": "0.6.1",
      "resolved": "https://registry.npmjs.org/source-map/-/source-map-0.6.1.tgz",
      "integrity": "sha512-UjgapumWlbMhkBgzT7Ykc5YXUT46F0iKu8SGXq0bcwP5dz/h0Plj6enJqjz1Zbq2l5WaqYnrVbwWOWMyF3F47g==",
      "dev": true
    },
    "sprintf-js": {
      "version": "1.0.3",
      "resolved": "https://registry.npmjs.org/sprintf-js/-/sprintf-js-1.0.3.tgz",
      "integrity": "sha1-BOaSb2YolTVPPdAVIDYzuFcpfiw=",
      "dev": true
    },
    "stream-connect": {
      "version": "1.0.2",
      "resolved": "https://registry.npmjs.org/stream-connect/-/stream-connect-1.0.2.tgz",
      "integrity": "sha1-GLyB8u2zW4tdmoAJIAqYUxRCipc=",
      "dev": true,
      "requires": {
        "array-back": "^1.0.2"
      },
      "dependencies": {
        "array-back": {
          "version": "1.0.4",
          "resolved": "https://registry.npmjs.org/array-back/-/array-back-1.0.4.tgz",
          "integrity": "sha1-ZEun8JX3/898Q7Xw3DnTwfA8Bjs=",
          "dev": true,
          "requires": {
            "typical": "^2.6.0"
          }
        }
      }
    },
    "stream-via": {
      "version": "1.0.4",
      "resolved": "https://registry.npmjs.org/stream-via/-/stream-via-1.0.4.tgz",
      "integrity": "sha512-DBp0lSvX5G9KGRDTkR/R+a29H+Wk2xItOF+MpZLLNDWbEV9tGPnqLPxHEYjmiz8xGtJHRIqmI+hCjmNzqoA4nQ==",
      "dev": true
    },
    "strip-json-comments": {
      "version": "3.1.1",
      "resolved": "https://registry.npmjs.org/strip-json-comments/-/strip-json-comments-3.1.1.tgz",
      "integrity": "sha512-6fPc+R4ihwqP6N/aIv2f1gMH8lOVtWQHoqC4yK6oSDVVocumAsfCqjkXnqiYMhmMwS/mEHLp7Vehlt3ql6lEig==",
      "dev": true
    },
    "supports-ansi": {
      "version": "1.0.6",
      "resolved": "https://registry.npmjs.org/supports-ansi/-/supports-ansi-1.0.6.tgz",
      "integrity": "sha512-DVJz7dTzvlD3FlY1r/oNTDitpN8WHD7VQzL+TJjVKmlgDHJf6FUO29oYj6HME4/EsSWELbBlPVq6Wgp7zDFHGQ==",
      "requires": {
        "is-mingw": "^2.0.0"
      }
    },
    "table-layout": {
      "version": "0.4.5",
      "resolved": "https://registry.npmjs.org/table-layout/-/table-layout-0.4.5.tgz",
      "integrity": "sha512-zTvf0mcggrGeTe/2jJ6ECkJHAQPIYEwDoqsiqBjI24mvRmQbInK5jq33fyypaCBxX08hMkfmdOqj6haT33EqWw==",
      "dev": true,
      "requires": {
        "array-back": "^2.0.0",
        "deep-extend": "~0.6.0",
        "lodash.padend": "^4.6.1",
        "typical": "^2.6.1",
        "wordwrapjs": "^3.0.0"
      },
      "dependencies": {
        "array-back": {
          "version": "2.0.0",
          "resolved": "https://registry.npmjs.org/array-back/-/array-back-2.0.0.tgz",
          "integrity": "sha512-eJv4pLLufP3g5kcZry0j6WXpIbzYw9GUB4mVJZno9wfwiBxbizTnHCw3VJb07cBihbFX48Y7oSrW9y+gt4glyw==",
          "dev": true,
          "requires": {
            "typical": "^2.6.1"
          }
        }
      }
    },
    "taffydb": {
      "version": "2.6.2",
      "resolved": "https://registry.npmjs.org/taffydb/-/taffydb-2.6.2.tgz",
      "integrity": "sha1-fLy2S1oUG2ou/CxdLGe04VCyomg=",
      "dev": true
    },
    "temp-path": {
      "version": "1.0.0",
      "resolved": "https://registry.npmjs.org/temp-path/-/temp-path-1.0.0.tgz",
      "integrity": "sha1-JLFUOXOrRCiW2a02fdnL2/r+kYs=",
      "dev": true
    },
    "test-value": {
      "version": "3.0.0",
      "resolved": "https://registry.npmjs.org/test-value/-/test-value-3.0.0.tgz",
      "integrity": "sha512-sVACdAWcZkSU9x7AOmJo5TqE+GyNJknHaHsMrR6ZnhjVlVN9Yx6FjHrsKZ3BjIpPCT68zYesPWkakrNupwfOTQ==",
      "dev": true,
      "requires": {
        "array-back": "^2.0.0",
        "typical": "^2.6.1"
      },
      "dependencies": {
        "array-back": {
          "version": "2.0.0",
          "resolved": "https://registry.npmjs.org/array-back/-/array-back-2.0.0.tgz",
          "integrity": "sha512-eJv4pLLufP3g5kcZry0j6WXpIbzYw9GUB4mVJZno9wfwiBxbizTnHCw3VJb07cBihbFX48Y7oSrW9y+gt4glyw==",
          "dev": true,
          "requires": {
            "typical": "^2.6.1"
          }
        }
      }
    },
    "timers-ext": {
      "version": "0.1.7",
      "resolved": "https://registry.npmjs.org/timers-ext/-/timers-ext-0.1.7.tgz",
      "integrity": "sha512-b85NUNzTSdodShTIbky6ZF02e8STtVVfD+fu4aXXShEELpozH+bCpJLYMPZbsABN2wDH7fJpqIoXxJpzbf0NqQ==",
      "requires": {
        "es5-ext": "~0.10.46",
        "next-tick": "1"
      }
    },
    "tr46": {
      "version": "0.0.3",
      "resolved": "https://registry.npmjs.org/tr46/-/tr46-0.0.3.tgz",
      "integrity": "sha1-gYT9NH2snNwYWZLzpmIuFLnZq2o="
    },
    "type": {
      "version": "1.2.0",
      "resolved": "https://registry.npmjs.org/type/-/type-1.2.0.tgz",
      "integrity": "sha512-+5nt5AAniqsCnu2cEQQdpzCAh33kVx8n0VoFidKpB1dVVLAN/F+bgVOqOJqOnEnrhp222clB5p3vUlD+1QAnfg=="
    },
    "typical": {
      "version": "2.6.1",
      "resolved": "https://registry.npmjs.org/typical/-/typical-2.6.1.tgz",
      "integrity": "sha1-XAgOXWYcu+OCWdLnCjxyU+hziB0=",
      "dev": true
    },
    "uc.micro": {
      "version": "1.0.6",
      "resolved": "https://registry.npmjs.org/uc.micro/-/uc.micro-1.0.6.tgz",
      "integrity": "sha512-8Y75pvTYkLJW2hWQHXxoqRgV7qb9B+9vFEtidML+7koHUFapnVJAZ6cKs+Qjz5Aw3aZWHMC6u0wJE3At+nSGwA==",
      "dev": true
    },
    "uglify-js": {
      "version": "3.14.2",
      "resolved": "https://registry.npmjs.org/uglify-js/-/uglify-js-3.14.2.tgz",
      "integrity": "sha512-rtPMlmcO4agTUfz10CbgJ1k6UAoXM2gWb3GoMPPZB/+/Ackf8lNWk11K4rYi2D0apgoFRLtQOZhb+/iGNJq26A==",
      "dev": true,
      "optional": true
    },
    "underscore": {
      "version": "1.13.1",
      "resolved": "https://registry.npmjs.org/underscore/-/underscore-1.13.1.tgz",
      "integrity": "sha512-hzSoAVtJF+3ZtiFX0VgfFPHEDRm7Y/QPjGyNo4TVdnDTdft3tr8hEkD25a1jC+TjTuE7tkHGKkhwCgs9dgBB2g==",
      "dev": true
    },
    "universal-user-agent": {
      "version": "6.0.0",
      "resolved": "https://registry.npmjs.org/universal-user-agent/-/universal-user-agent-6.0.0.tgz",
      "integrity": "sha512-isyNax3wXoKaulPDZWHQqbmIx1k2tb9fb3GGDBRxCscfYV2Ch7WxPArBsFEG8s/safwXTT7H4QGhaIkTp9447w=="
    },
    "walk-back": {
      "version": "5.1.0",
      "resolved": "https://registry.npmjs.org/walk-back/-/walk-back-5.1.0.tgz",
      "integrity": "sha512-Uhxps5yZcVNbLEAnb+xaEEMdgTXl9qAQDzKYejG2AZ7qPwRQ81lozY9ECDbjLPNWm7YsO1IK5rsP1KoQzXAcGA==",
      "dev": true
    },
    "web-streams-polyfill": {
      "version": "3.1.1",
      "resolved": "https://registry.npmjs.org/web-streams-polyfill/-/web-streams-polyfill-3.1.1.tgz",
      "integrity": "sha512-Czi3fG883e96T4DLEPRvufrF2ydhOOW1+1a6c3gNjH2aIh50DNFBdfwh2AKoOf1rXvpvavAoA11Qdq9+BKjE0Q=="
    },
    "webidl-conversions": {
      "version": "3.0.1",
      "resolved": "https://registry.npmjs.org/webidl-conversions/-/webidl-conversions-3.0.1.tgz",
      "integrity": "sha1-JFNCdeKnvGvnvIZhHMFq4KVlSHE="
    },
    "whatwg-url": {
      "version": "5.0.0",
      "resolved": "https://registry.npmjs.org/whatwg-url/-/whatwg-url-5.0.0.tgz",
      "integrity": "sha1-lmRU6HZUYuN2RNNib2dCzotwll0=",
      "requires": {
        "tr46": "~0.0.3",
        "webidl-conversions": "^3.0.0"
      }
    },
    "wordwrap": {
      "version": "1.0.0",
      "resolved": "https://registry.npmjs.org/wordwrap/-/wordwrap-1.0.0.tgz",
      "integrity": "sha1-J1hIEIkUVqQXHI0CJkQa3pDLyus=",
      "dev": true
    },
    "wordwrapjs": {
      "version": "3.0.0",
      "resolved": "https://registry.npmjs.org/wordwrapjs/-/wordwrapjs-3.0.0.tgz",
      "integrity": "sha512-mO8XtqyPvykVCsrwj5MlOVWvSnCdT+C+QVbm6blradR7JExAhbkZ7hZ9A+9NUtwzSqrlUo9a67ws0EiILrvRpw==",
      "dev": true,
      "requires": {
        "reduce-flatten": "^1.0.1",
        "typical": "^2.6.1"
      }
    },
    "wrappy": {
      "version": "1.0.2",
      "resolved": "https://registry.npmjs.org/wrappy/-/wrappy-1.0.2.tgz",
      "integrity": "sha1-tSQ9jz7BqjXxNkYFvA0QNuMKtp8="
    },
    "xmlcreate": {
      "version": "2.0.4",
      "resolved": "https://registry.npmjs.org/xmlcreate/-/xmlcreate-2.0.4.tgz",
      "integrity": "sha512-nquOebG4sngPmGPICTS5EnxqhKbCmz5Ox5hsszI2T6U5qdrJizBc+0ilYSEjTSzU0yZcmvppztXe/5Al5fUwdg==",
      "dev": true
    }
  }
}
